{
  "name": "kanban_task_manager_web_components",
  "version": "1.0.0",
  "lockfileVersion": 2,
  "requires": true,
  "packages": {
    "": {
      "version": "1.0.0",
      "license": "ISC",
      "dependencies": {
        "lit-html": "^2.2.6",
        "navigo": "^8.11.1"
      }
    },
    "node_modules/@types/trusted-types": {
      "version": "2.0.2",
      "resolved": "https://registry.npmjs.org/@types/trusted-types/-/trusted-types-2.0.2.tgz",
      "integrity": "sha512-F5DIZ36YVLE+PN+Zwws4kJogq47hNgX3Nx6WyDJ3kcplxyke3XIzB8uK5n/Lpm1HBsbGzd6nmGehL8cPekP+Tg=="
    },
    "node_modules/lit-html": {
      "version": "2.2.6",
      "resolved": "https://registry.npmjs.org/lit-html/-/lit-html-2.2.6.tgz",
      "integrity": "sha512-xOKsPmq/RAKJ6dUeOxhmOYFjcjf0Q7aSdfBJgdJkOfCUnkmmJPxNrlZpRBeVe1Gg50oYWMlgm6ccAE/SpJgSdw==",
      "dependencies": {
        "@types/trusted-types": "^2.0.2"
      }
    },
    "node_modules/navigo": {
      "version": "8.11.1",
      "resolved": "https://registry.npmjs.org/navigo/-/navigo-8.11.1.tgz",
      "integrity": "sha512-e3sc1UzakF+bWquC8/dbPCgo7LgPEW1ekgwb4pmEcl8tOc/I7lML8r7HBql+b0VRk7tJWTZqtkeObwJAVR1pxg=="
    }
  },
  "dependencies": {
    "@types/trusted-types": {
      "version": "2.0.2",
      "resolved": "https://registry.npmjs.org/@types/trusted-types/-/trusted-types-2.0.2.tgz",
      "integrity": "sha512-F5DIZ36YVLE+PN+Zwws4kJogq47hNgX3Nx6WyDJ3kcplxyke3XIzB8uK5n/Lpm1HBsbGzd6nmGehL8cPekP+Tg=="
    },
    "lit-html": {
      "version": "2.2.6",
      "resolved": "https://registry.npmjs.org/lit-html/-/lit-html-2.2.6.tgz",
      "integrity": "sha512-xOKsPmq/RAKJ6dUeOxhmOYFjcjf0Q7aSdfBJgdJkOfCUnkmmJPxNrlZpRBeVe1Gg50oYWMlgm6ccAE/SpJgSdw==",
      "requires": {
        "@types/trusted-types": "^2.0.2"
      }
    },
    "navigo": {
      "version": "8.11.1",
      "resolved": "https://registry.npmjs.org/navigo/-/navigo-8.11.1.tgz",
      "integrity": "sha512-e3sc1UzakF+bWquC8/dbPCgo7LgPEW1ekgwb4pmEcl8tOc/I7lML8r7HBql+b0VRk7tJWTZqtkeObwJAVR1pxg=="
    }
  }
}
